
Microsoft Visual Studio Solution File, Format Version 12.00
# Visual Studio Version 17
VisualStudioVersion = 17.5.33516.290
MinimumVisualStudioVersion = 10.0.40219.1
Project("{FAE04EC0-301F-11D3-BF4B-00C04F79EFBC}") = "la-mia-pizzeria-static", "la-mia-pizzeria-static\la-mia-pizzeria-static.csproj", "{4A50F7B3-30CB-4A88-8F7C-A4FDC724B361}"
EndProject
Global
	GlobalSection(SolutionConfigurationPlatforms) = preSolution
		Debug|Any CPU = Debug|Any CPU
		Release|Any CPU = Release|Any CPU
	EndGlobalSection
	GlobalSection(ProjectConfigurationPlatforms) = postSolution
		{4A50F7B3-30CB-4A88-8F7C-A4FDC724B361}.Debug|Any CPU.ActiveCfg = Debug|Any CPU
		{4A50F7B3-30CB-4A88-8F7C-A4FDC724B361}.Debug|Any CPU.Build.0 = Debug|Any CPU
		{4A50F7B3-30CB-4A88-8F7C-A4FDC724B361}.Release|Any CPU.ActiveCfg = Release|Any CPU
		{4A50F7B3-30CB-4A88-8F7C-A4FDC724B361}.Release|Any CPU.Build.0 = Release|Any CPU
	EndGlobalSection
	GlobalSection(SolutionProperties) = preSolution
		HideSolutionNode = FALSE
	EndGlobalSection
	GlobalSection(ExtensibilityGlobals) = postSolution
		SolutionGuid = {49627567-56BA-4317-B6FB-8F48CA6CDC9B}
	EndGlobalSection
EndGlobal
